
Microsoft Visual Studio Solution File, Format Version 12.00
# Visual Studio Version 17
VisualStudioVersion = 17.4.33403.182
MinimumVisualStudioVersion = 10.0.40219.1
Project("{FAE04EC0-301F-11D3-BF4B-00C04F79EFBC}") = "PhotoEnhancerFinal", "PhotoEnhancerFinal\PhotoEnhancerFinal.csproj", "{02066371-9F2B-4A05-B6EA-28CBA29A46FF}"
EndProject
Global
	GlobalSection(SolutionConfigurationPlatforms) = preSolution
		Debug|Any CPU = Debug|Any CPU
		Release|Any CPU = Release|Any CPU
	EndGlobalSection
	GlobalSection(ProjectConfigurationPlatforms) = postSolution
		{02066371-9F2B-4A05-B6EA-28CBA29A46FF}.Debug|Any CPU.ActiveCfg = Debug|Any CPU
		{02066371-9F2B-4A05-B6EA-28CBA29A46FF}.Debug|Any CPU.Build.0 = Debug|Any CPU
		{02066371-9F2B-4A05-B6EA-28CBA29A46FF}.Release|Any CPU.ActiveCfg = Release|Any CPU
		{02066371-9F2B-4A05-B6EA-28CBA29A46FF}.Release|Any CPU.Build.0 = Release|Any CPU
	EndGlobalSection
	GlobalSection(SolutionProperties) = preSolution
		HideSolutionNode = FALSE
	EndGlobalSection
	GlobalSection(ExtensibilityGlobals) = postSolution
		SolutionGuid = {7813E151-E56E-47E3-B3E6-C8F984D02FCA}
	EndGlobalSection
EndGlobal
