
Microsoft Visual Studio Solution File, Format Version 12.00
# Visual Studio Version 17
VisualStudioVersion = 17.4.33403.182
MinimumVisualStudioVersion = 10.0.40219.1
Project("{FAE04EC0-301F-11D3-BF4B-00C04F79EFBC}") = "Structures", "Structures\Structures.csproj", "{4DA3DEFD-78B8-45D2-ADD1-9A6C81FCF5CD}"
EndProject
Project("{FAE04EC0-301F-11D3-BF4B-00C04F79EFBC}") = "Structures.UnitTests", "Structures.UnitTests\Structures.UnitTests.csproj", "{42200173-6E93-4868-85E5-0C49A9022E18}"
EndProject
Global
	GlobalSection(SolutionConfigurationPlatforms) = preSolution
		Debug|Any CPU = Debug|Any CPU
		Release|Any CPU = Release|Any CPU
	EndGlobalSection
	GlobalSection(ProjectConfigurationPlatforms) = postSolution
		{4DA3DEFD-78B8-45D2-ADD1-9A6C81FCF5CD}.Debug|Any CPU.ActiveCfg = Debug|Any CPU
		{4DA3DEFD-78B8-45D2-ADD1-9A6C81FCF5CD}.Debug|Any CPU.Build.0 = Debug|Any CPU
		{4DA3DEFD-78B8-45D2-ADD1-9A6C81FCF5CD}.Release|Any CPU.ActiveCfg = Release|Any CPU
		{4DA3DEFD-78B8-45D2-ADD1-9A6C81FCF5CD}.Release|Any CPU.Build.0 = Release|Any CPU
		{42200173-6E93-4868-85E5-0C49A9022E18}.Debug|Any CPU.ActiveCfg = Debug|Any CPU
		{42200173-6E93-4868-85E5-0C49A9022E18}.Debug|Any CPU.Build.0 = Debug|Any CPU
		{42200173-6E93-4868-85E5-0C49A9022E18}.Release|Any CPU.ActiveCfg = Release|Any CPU
		{42200173-6E93-4868-85E5-0C49A9022E18}.Release|Any CPU.Build.0 = Release|Any CPU
	EndGlobalSection
	GlobalSection(SolutionProperties) = preSolution
		HideSolutionNode = FALSE
	EndGlobalSection
	GlobalSection(ExtensibilityGlobals) = postSolution
		SolutionGuid = {ED0CCDFF-67CB-4145-A0D3-8404118D0A55}
	EndGlobalSection
EndGlobal
